
Microsoft Visual Studio Solution File, Format Version 12.00
# Visual Studio Version 17
VisualStudioVersion = 17.6.33829.357
MinimumVisualStudioVersion = 10.0.40219.1
Project("{FAE04EC0-301F-11D3-BF4B-00C04F79EFBC}") = "Atividade17", "Atividade17\Atividade17.csproj", "{74CA0C01-DC14-449E-8B4C-2712324CDC9F}"
EndProject
Global
	GlobalSection(SolutionConfigurationPlatforms) = preSolution
		Debug|Any CPU = Debug|Any CPU
		Release|Any CPU = Release|Any CPU
	EndGlobalSection
	GlobalSection(ProjectConfigurationPlatforms) = postSolution
		{74CA0C01-DC14-449E-8B4C-2712324CDC9F}.Debug|Any CPU.ActiveCfg = Debug|Any CPU
		{74CA0C01-DC14-449E-8B4C-2712324CDC9F}.Debug|Any CPU.Build.0 = Debug|Any CPU
		{74CA0C01-DC14-449E-8B4C-2712324CDC9F}.Release|Any CPU.ActiveCfg = Release|Any CPU
		{74CA0C01-DC14-449E-8B4C-2712324CDC9F}.Release|Any CPU.Build.0 = Release|Any CPU
	EndGlobalSection
	GlobalSection(SolutionProperties) = preSolution
		HideSolutionNode = FALSE
	EndGlobalSection
	GlobalSection(ExtensibilityGlobals) = postSolution
		SolutionGuid = {47427F9F-B366-4605-8F70-A1E46C524D6A}
	EndGlobalSection
EndGlobal
