
Microsoft Visual Studio Solution File, Format Version 12.00
# Visual Studio Version 17
VisualStudioVersion = 17.6.33829.357
MinimumVisualStudioVersion = 10.0.40219.1
Project("{FAE04EC0-301F-11D3-BF4B-00C04F79EFBC}") = "Atividade16", "Atividade16\Atividade16.csproj", "{EBCE1964-6FA2-4D26-938B-2ED0195A9819}"
EndProject
Global
	GlobalSection(SolutionConfigurationPlatforms) = preSolution
		Debug|Any CPU = Debug|Any CPU
		Release|Any CPU = Release|Any CPU
	EndGlobalSection
	GlobalSection(ProjectConfigurationPlatforms) = postSolution
		{EBCE1964-6FA2-4D26-938B-2ED0195A9819}.Debug|Any CPU.ActiveCfg = Debug|Any CPU
		{EBCE1964-6FA2-4D26-938B-2ED0195A9819}.Debug|Any CPU.Build.0 = Debug|Any CPU
		{EBCE1964-6FA2-4D26-938B-2ED0195A9819}.Release|Any CPU.ActiveCfg = Release|Any CPU
		{EBCE1964-6FA2-4D26-938B-2ED0195A9819}.Release|Any CPU.Build.0 = Release|Any CPU
	EndGlobalSection
	GlobalSection(SolutionProperties) = preSolution
		HideSolutionNode = FALSE
	EndGlobalSection
	GlobalSection(ExtensibilityGlobals) = postSolution
		SolutionGuid = {B97234A8-EB92-4DC6-A2AE-CF49FF47B883}
	EndGlobalSection
EndGlobal
