
Microsoft Visual Studio Solution File, Format Version 12.00
# Visual Studio Version 17
VisualStudioVersion = 17.6.33829.357
MinimumVisualStudioVersion = 10.0.40219.1
Project("{FAE04EC0-301F-11D3-BF4B-00C04F79EFBC}") = "Atividade09", "Atividade09\Atividade09.csproj", "{44804F43-4794-43A1-BD5A-C9590B4D6267}"
EndProject
Global
	GlobalSection(SolutionConfigurationPlatforms) = preSolution
		Debug|Any CPU = Debug|Any CPU
		Release|Any CPU = Release|Any CPU
	EndGlobalSection
	GlobalSection(ProjectConfigurationPlatforms) = postSolution
		{44804F43-4794-43A1-BD5A-C9590B4D6267}.Debug|Any CPU.ActiveCfg = Debug|Any CPU
		{44804F43-4794-43A1-BD5A-C9590B4D6267}.Debug|Any CPU.Build.0 = Debug|Any CPU
		{44804F43-4794-43A1-BD5A-C9590B4D6267}.Release|Any CPU.ActiveCfg = Release|Any CPU
		{44804F43-4794-43A1-BD5A-C9590B4D6267}.Release|Any CPU.Build.0 = Release|Any CPU
	EndGlobalSection
	GlobalSection(SolutionProperties) = preSolution
		HideSolutionNode = FALSE
	EndGlobalSection
	GlobalSection(ExtensibilityGlobals) = postSolution
		SolutionGuid = {8B7FF875-DFAC-440D-AC1C-DD1C7FD042B7}
	EndGlobalSection
EndGlobal
