
Microsoft Visual Studio Solution File, Format Version 12.00
# Visual Studio Version 17
VisualStudioVersion = 17.6.33829.357
MinimumVisualStudioVersion = 10.0.40219.1
Project("{FAE04EC0-301F-11D3-BF4B-00C04F79EFBC}") = "Autoria02", "Autoria02\Autoria02.csproj", "{D18EE145-09FD-44E4-B310-824A4156C83B}"
EndProject
Global
	GlobalSection(SolutionConfigurationPlatforms) = preSolution
		Debug|Any CPU = Debug|Any CPU
		Release|Any CPU = Release|Any CPU
	EndGlobalSection
	GlobalSection(ProjectConfigurationPlatforms) = postSolution
		{D18EE145-09FD-44E4-B310-824A4156C83B}.Debug|Any CPU.ActiveCfg = Debug|Any CPU
		{D18EE145-09FD-44E4-B310-824A4156C83B}.Debug|Any CPU.Build.0 = Debug|Any CPU
		{D18EE145-09FD-44E4-B310-824A4156C83B}.Release|Any CPU.ActiveCfg = Release|Any CPU
		{D18EE145-09FD-44E4-B310-824A4156C83B}.Release|Any CPU.Build.0 = Release|Any CPU
	EndGlobalSection
	GlobalSection(SolutionProperties) = preSolution
		HideSolutionNode = FALSE
	EndGlobalSection
	GlobalSection(ExtensibilityGlobals) = postSolution
		SolutionGuid = {1FB09DB8-1809-478B-84D0-9805ED10D36F}
	EndGlobalSection
EndGlobal
