
Microsoft Visual Studio Solution File, Format Version 12.00
# Visual Studio Version 17
VisualStudioVersion = 17.6.33829.357
MinimumVisualStudioVersion = 10.0.40219.1
Project("{FAE04EC0-301F-11D3-BF4B-00C04F79EFBC}") = "Autoria01", "Autoria01\Autoria01.csproj", "{0B7B2DBD-AABE-4194-8639-41D3B39A9A9D}"
EndProject
Global
	GlobalSection(SolutionConfigurationPlatforms) = preSolution
		Debug|Any CPU = Debug|Any CPU
		Release|Any CPU = Release|Any CPU
	EndGlobalSection
	GlobalSection(ProjectConfigurationPlatforms) = postSolution
		{0B7B2DBD-AABE-4194-8639-41D3B39A9A9D}.Debug|Any CPU.ActiveCfg = Debug|Any CPU
		{0B7B2DBD-AABE-4194-8639-41D3B39A9A9D}.Debug|Any CPU.Build.0 = Debug|Any CPU
		{0B7B2DBD-AABE-4194-8639-41D3B39A9A9D}.Release|Any CPU.ActiveCfg = Release|Any CPU
		{0B7B2DBD-AABE-4194-8639-41D3B39A9A9D}.Release|Any CPU.Build.0 = Release|Any CPU
	EndGlobalSection
	GlobalSection(SolutionProperties) = preSolution
		HideSolutionNode = FALSE
	EndGlobalSection
	GlobalSection(ExtensibilityGlobals) = postSolution
		SolutionGuid = {CC8693EC-5C50-4428-8827-FA76F324E1C7}
	EndGlobalSection
EndGlobal
